// !$*UTF8*$!
{
	archiveVersion = 1;
	classes = {
	};
	objectVersion = 48;
	objects = {

/* Begin PBXBuildFile section */
		8A6AF8C81FF238A800D4B575 /* AppDelegate.m in Sources */ = {isa = PBXBuildFile; fileRef = 8A6AF8C71FF238A800D4B575 /* AppDelegate.m */; };
		8A6AF8CB1FF238A800D4B575 /* ViewController.m in Sources */ = {isa = PBXBuildFile; fileRef = 8A6AF8CA1FF238A800D4B575 /* ViewController.m */; };
		8A6AF8CE1FF238A800D4B575 /* Main.storyboard in Resources */ = {isa = PBXBuildFile; fileRef = 8A6AF8CC1FF238A800D4B575 /* Main.storyboard */; };
		8A6AF8D01FF238A800D4B575 /* Assets.xcassets in Resources */ = {isa = PBXBuildFile; fileRef = 8A6AF8CF1FF238A800D4B575 /* Assets.xcassets */; };
		8A6AF8D31FF238A800D4B575 /* LaunchScreen.storyboard in Resources */ = {isa = PBXBuildFile; fileRef = 8A6AF8D11FF238A800D4B575 /* LaunchScreen.storyboard */; };
		8A6AF8D61FF238A800D4B575 /* main.m in Sources */ = {isa = PBXBuildFile; fileRef = 8A6AF8D51FF238A800D4B575 /* main.m */; };
		8A6AF8E01FF23AA800D4B575 /* QYRecordTool.m in Sources */ = {isa = PBXBuildFile; fileRef = 8A6AF8DF1FF23AA800D4B575 /* QYRecordTool.m */; };
		8A7FE3AB1FF4A0A500FF9C9E /* ExtAudioConverter.m in Sources */ = {isa = PBXBuildFile; fileRef = 8A7FE3A91FF4A0A500FF9C9E /* ExtAudioConverter.m */; };
		8AB856311FF3AF5E00E1320B /* libmp3lame.a in Frameworks */ = {isa = PBXBuildFile; fileRef = 8AB8562D1FF3AF5E00E1320B /* libmp3lame.a */; };
/* End PBXBuildFile section */

/* Begin PBXFileReference section */
		8A6AF8C31FF238A800D4B575 /* QYAudioTool.app */ = {isa = PBXFileReference; explicitFileType = wrapper.application; includeInIndex = 0; path = QYAudioTool.app; sourceTree = BUILT_PRODUCTS_DIR; };
		8A6AF8C61FF238A800D4B575 /* AppDelegate.h */ = {isa = PBXFileReference; lastKnownFileType = sourcecode.c.h; path = AppDelegate.h; sourceTree = "<group>"; };
		8A6AF8C71FF238A800D4B575 /* AppDelegate.m */ = {isa = PBXFileReference; lastKnownFileType = sourcecode.c.objc; path = AppDelegate.m; sourceTree = "<group>"; };
		8A6AF8C91FF238A800D4B575 /* ViewController.h */ = {isa = PBXFileReference; lastKnownFileType = sourcecode.c.h; path = ViewController.h; sourceTree = "<group>"; };
		8A6AF8CA1FF238A800D4B575 /* ViewController.m */ = {isa = PBXFileReference; lastKnownFileType = sourcecode.c.objc; path = ViewController.m; sourceTree = "<group>"; };
		8A6AF8CD1FF238A800D4B575 /* Base */ = {isa = PBXFileReference; lastKnownFileType = file.storyboard; name = Base; path = Base.lproj/Main.storyboard; sourceTree = "<group>"; };
		8A6AF8CF1FF238A800D4B575 /* Assets.xcassets */ = {isa = PBXFileReference; lastKnownFileType = folder.assetcatalog; path = Assets.xcassets; sourceTree = "<group>"; };
		8A6AF8D21FF238A800D4B575 /* Base */ = {isa = PBXFileReference; lastKnownFileType = file.storyboard; name = Base; path = Base.lproj/LaunchScreen.storyboard; sourceTree = "<group>"; };
		8A6AF8D41FF238A800D4B575 /* Info.plist */ = {isa = PBXFileReference; lastKnownFileType = text.plist.xml; path = Info.plist; sourceTree = "<group>"; };
		8A6AF8D51FF238A800D4B575 /* main.m */ = {isa = PBXFileReference; lastKnownFileType = sourcecode.c.objc; path = main.m; sourceTree = "<group>"; };
		8A6AF8DE1FF23AA800D4B575 /* QYRecordTool.h */ = {isa = PBXFileReference; lastKnownFileType = sourcecode.c.h; path = QYRecordTool.h; sourceTree = "<group>"; };
		8A6AF8DF1FF23AA800D4B575 /* QYRecordTool.m */ = {isa = PBXFileReference; lastKnownFileType = sourcecode.c.objc; path = QYRecordTool.m; sourceTree = "<group>"; };
		8A6AF8E21FF23B4000D4B575 /* AudioToolbox.framework */ = {isa = PBXFileReference; lastKnownFileType = wrapper.framework; name = AudioToolbox.framework; path = System/Library/Frameworks/AudioToolbox.framework; sourceTree = SDKROOT; };
		8A6AF8E31FF23BCC00D4B575 /* AVFoundation.framework */ = {isa = PBXFileReference; lastKnownFileType = wrapper.framework; name = AVFoundation.framework; path = System/Library/Frameworks/AVFoundation.framework; sourceTree = SDKROOT; };
		8A7FE3A91FF4A0A500FF9C9E /* ExtAudioConverter.m */ = {isa = PBXFileReference; fileEncoding = 4; lastKnownFileType = sourcecode.c.objc; path = ExtAudioConverter.m; sourceTree = "<group>"; };
		8A7FE3AA1FF4A0A500FF9C9E /* ExtAudioConverter.h */ = {isa = PBXFileReference; fileEncoding = 4; lastKnownFileType = sourcecode.c.h; path = ExtAudioConverter.h; sourceTree = "<group>"; };
		8AB8562D1FF3AF5E00E1320B /* libmp3lame.a */ = {isa = PBXFileReference; lastKnownFileType = archive.ar; path = libmp3lame.a; sourceTree = "<group>"; };
		8AB856301FF3AF5E00E1320B /* lame.h */ = {isa = PBXFileReference; fileEncoding = 4; lastKnownFileType = sourcecode.c.h; path = lame.h; sourceTree = "<group>"; };
/* End PBXFileReference section */

/* Begin PBXFrameworksBuildPhase section */
		8A6AF8C01FF238A800D4B575 /* Frameworks */ = {
			isa = PBXFrameworksBuildPhase;
			buildActionMask = 2147483647;
			files = (
				8AB856311FF3AF5E00E1320B /* libmp3lame.a in Frameworks */,
			);
			runOnlyForDeploymentPostprocessing = 0;
		};
/* End PBXFrameworksBuildPhase section */

/* Begin PBXGroup section */
		8A6AF8BA1FF238A800D4B575 = {
			isa = PBXGroup;
			children = (
				8A6AF8C51FF238A800D4B575 /* QYAudioTool */,
				8A6AF8C41FF238A800D4B575 /* Products */,
				8A6AF8E11FF23B4000D4B575 /* Frameworks */,
			);
			sourceTree = "<group>";
		};
		8A6AF8C41FF238A800D4B575 /* Products */ = {
			isa = PBXGroup;
			children = (
				8A6AF8C31FF238A800D4B575 /* QYAudioTool.app */,
			);
			name = Products;
			sourceTree = "<group>";
		};
		8A6AF8C51FF238A800D4B575 /* QYAudioTool */ = {
			isa = PBXGroup;
			children = (
				8A6AF8DC1FF23A2600D4B575 /* class */,
				8A6AF8C61FF238A800D4B575 /* AppDelegate.h */,
				8A6AF8C71FF238A800D4B575 /* AppDelegate.m */,
				8A6AF8C91FF238A800D4B575 /* ViewController.h */,
				8A6AF8CA1FF238A800D4B575 /* ViewController.m */,
				8A6AF8CC1FF238A800D4B575 /* Main.storyboard */,
				8A6AF8CF1FF238A800D4B575 /* Assets.xcassets */,
				8A6AF8D11FF238A800D4B575 /* LaunchScreen.storyboard */,
				8A6AF8D41FF238A800D4B575 /* Info.plist */,
				8A6AF8D51FF238A800D4B575 /* main.m */,
			);
			path = QYAudioTool;
			sourceTree = "<group>";
		};
		8A6AF8DC1FF23A2600D4B575 /* class */ = {
			isa = PBXGroup;
			children = (
				8AB8562A1FF3AF2400E1320B /* QYTransCoding */,
				8A6AF8DD1FF23A4D00D4B575 /* AduioRecord */,
			);
			path = class;
			sourceTree = "<group>";
		};
		8A6AF8DD1FF23A4D00D4B575 /* AduioRecord */ = {
			isa = PBXGroup;
			children = (
				8A6AF8DE1FF23AA800D4B575 /* QYRecordTool.h */,
				8A6AF8DF1FF23AA800D4B575 /* QYRecordTool.m */,
			);
			path = AduioRecord;
			sourceTree = "<group>";
		};
		8A6AF8E11FF23B4000D4B575 /* Frameworks */ = {
			isa = PBXGroup;
			children = (
				8A6AF8E31FF23BCC00D4B575 /* AVFoundation.framework */,
				8A6AF8E21FF23B4000D4B575 /* AudioToolbox.framework */,
			);
			name = Frameworks;
			sourceTree = "<group>";
		};
		8AB8562A1FF3AF2400E1320B /* QYTransCoding */ = {
			isa = PBXGroup;
			children = (
				8A7FE3AA1FF4A0A500FF9C9E /* ExtAudioConverter.h */,
				8A7FE3A91FF4A0A500FF9C9E /* ExtAudioConverter.m */,
				8AB8562B1FF3AF5500E1320B /* lame */,
			);
			path = QYTransCoding;
			sourceTree = "<group>";
		};
		8AB8562B1FF3AF5500E1320B /* lame */ = {
			isa = PBXGroup;
			children = (
				8AB8562E1FF3AF5E00E1320B /* include */,
				8AB8562C1FF3AF5E00E1320B /* lib */,
			);
			path = lame;
			sourceTree = "<group>";
		};
		8AB8562C1FF3AF5E00E1320B /* lib */ = {
			isa = PBXGroup;
			children = (
				8AB8562D1FF3AF5E00E1320B /* libmp3lame.a */,
			);
			path = lib;
			sourceTree = "<group>";
		};
		8AB8562E1FF3AF5E00E1320B /* include */ = {
			isa = PBXGroup;
			children = (
				8AB8562F1FF3AF5E00E1320B /* lame */,
			);
			path = include;
			sourceTree = "<group>";
		};
		8AB8562F1FF3AF5E00E1320B /* lame */ = {
			isa = PBXGroup;
			children = (
				8AB856301FF3AF5E00E1320B /* lame.h */,
			);
			path = lame;
			sourceTree = "<group>";
		};
/* End PBXGroup section */

/* Begin PBXNativeTarget section */
		8A6AF8C21FF238A800D4B575 /* QYAudioTool */ = {
			isa = PBXNativeTarget;
			buildConfigurationList = 8A6AF8D91FF238A800D4B575 /* Build configuration list for PBXNativeTarget "QYAudioTool" */;
			buildPhases = (
				8A6AF8BF1FF238A800D4B575 /* Sources */,
				8A6AF8C01FF238A800D4B575 /* Frameworks */,
				8A6AF8C11FF238A800D4B575 /* Resources */,
			);
			buildRules = (
			);
			dependencies = (
			);
			name = QYAudioTool;
			productName = QYAudioTool;
			productReference = 8A6AF8C31FF238A800D4B575 /* QYAudioTool.app */;
			productType = "com.apple.product-type.application";
		};
/* End PBXNativeTarget section */

/* Begin PBXProject section */
		8A6AF8BB1FF238A800D4B575 /* Project object */ = {
			isa = PBXProject;
			attributes = {
				LastUpgradeCheck = 0910;
				ORGANIZATIONNAME = yoyo;
				TargetAttributes = {
					8A6AF8C21FF238A800D4B575 = {
						CreatedOnToolsVersion = 9.1;
						ProvisioningStyle = Manual;
					};
				};
			};
			buildConfigurationList = 8A6AF8BE1FF238A800D4B575 /* Build configuration list for PBXProject "QYAudioTool" */;
			compatibilityVersion = "Xcode 8.0";
			developmentRegion = en;
			hasScannedForEncodings = 0;
			knownRegions = (
				en,
				Base,
			);
			mainGroup = 8A6AF8BA1FF238A800D4B575;
			productRefGroup = 8A6AF8C41FF238A800D4B575 /* Products */;
			projectDirPath = "";
			projectRoot = "";
			targets = (
				8A6AF8C21FF238A800D4B575 /* QYAudioTool */,
			);
		};
/* End PBXProject section */

/* Begin PBXResourcesBuildPhase section */
		8A6AF8C11FF238A800D4B575 /* Resources */ = {
			isa = PBXResourcesBuildPhase;
			buildActionMask = 2147483647;
			files = (
				8A6AF8D31FF238A800D4B575 /* LaunchScreen.storyboard in Resources */,
				8A6AF8D01FF238A800D4B575 /* Assets.xcassets in Resources */,
				8A6AF8CE1FF238A800D4B575 /* Main.storyboard in Resources */,
			);
			runOnlyForDeploymentPostprocessing = 0;
		};
/* End PBXResourcesBuildPhase section */

/* Begin PBXSourcesBuildPhase section */
		8A6AF8BF1FF238A800D4B575 /* Sources */ = {
			isa = PBXSourcesBuildPhase;
			buildActionMask = 2147483647;
			files = (
				8A6AF8E01FF23AA800D4B575 /* QYRecordTool.m in Sources */,
				8A6AF8CB1FF238A800D4B575 /* ViewController.m in Sources */,
				8A7FE3AB1FF4A0A500FF9C9E /* ExtAudioConverter.m in Sources */,
				8A6AF8D61FF238A800D4B575 /* main.m in Sources */,
				8A6AF8C81FF238A800D4B575 /* AppDelegate.m in Sources */,
			);
			runOnlyForDeploymentPostprocessing = 0;
		};
/* End PBXSourcesBuildPhase section */

/* Begin PBXVariantGroup section */
		8A6AF8CC1FF238A800D4B575 /* Main.storyboard */ = {
			isa = PBXVariantGroup;
			children = (
				8A6AF8CD1FF238A800D4B575 /* Base */,
			);
			name = Main.storyboard;
			sourceTree = "<group>";
		};
		8A6AF8D11FF238A800D4B575 /* LaunchScreen.storyboard */ = {
			isa = PBXVariantGroup;
			children = (
				8A6AF8D21FF238A800D4B575 /* Base */,
			);
			name = LaunchScreen.storyboard;
			sourceTree = "<group>";
		};
/* End PBXVariantGroup section */

/* Begin XCBuildConfiguration section */
		8A6AF8D71FF238A800D4B575 /* Debug */ = {
			isa = XCBuildConfiguration;
			buildSettings = {
				ALWAYS_SEARCH_USER_PATHS = NO;
				CLANG_ANALYZER_NONNULL = YES;
				CLANG_ANALYZER_NUMBER_OBJECT_CONVERSION = YES_AGGRESSIVE;
				CLANG_CXX_LANGUAGE_STANDARD = "gnu++14";
				CLANG_CXX_LIBRARY = "libc++";
				CLANG_ENABLE_MODULES = YES;
				CLANG_ENABLE_OBJC_ARC = YES;
				CLANG_WARN_BLOCK_CAPTURE_AUTORELEASING = YES;
				CLANG_WARN_BOOL_CONVERSION = YES;
				CLANG_WARN_COMMA = YES;
				CLANG_WARN_CONSTANT_CONVERSION = YES;
				CLANG_WARN_DIRECT_OBJC_ISA_USAGE = YES_ERROR;
				CLANG_WARN_DOCUMENTATION_COMMENTS = YES;
				CLANG_WARN_EMPTY_BODY = YES;
				CLANG_WARN_ENUM_CONVERSION = YES;
				CLANG_WARN_INFINITE_RECURSION = YES;
				CLANG_WARN_INT_CONVERSION = YES;
				CLANG_WARN_NON_LITERAL_NULL_CONVERSION = YES;
				CLANG_WARN_OBJC_LITERAL_CONVERSION = YES;
				CLANG_WARN_OBJC_ROOT_CLASS = YES_ERROR;
				CLANG_WARN_RANGE_LOOP_ANALYSIS = YES;
				CLANG_WARN_STRICT_PROTOTYPES = YES;
				CLANG_WARN_SUSPICIOUS_MOVE = YES;
				CLANG_WARN_UNGUARDED_AVAILABILITY = YES_AGGRESSIVE;
				CLANG_WARN_UNREACHABLE_CODE = YES;
				CLANG_WARN__DUPLICATE_METHOD_MATCH = YES;
				CODE_SIGN_IDENTITY = "iPhone Developer";
				COPY_PHASE_STRIP = NO;
				DEBUG_INFORMATION_FORMAT = dwarf;
				ENABLE_STRICT_OBJC_MSGSEND = YES;
				ENABLE_TESTABILITY = YES;
				GCC_C_LANGUAGE_STANDARD = gnu11;
				GCC_DYNAMIC_NO_PIC = NO;
				GCC_NO_COMMON_BLOCKS = YES;
				GCC_OPTIMIZATION_LEVEL = 0;
				GCC_PREPROCESSOR_DEFINITIONS = (
					"DEBUG=1",
					"$(inherited)",
				);
				GCC_WARN_64_TO_32_BIT_CONVERSION = YES;
				GCC_WARN_ABOUT_RETURN_TYPE = YES_ERROR;
				GCC_WARN_UNDECLARED_SELECTOR = YES;
				GCC_WARN_UNINITIALIZED_AUTOS = YES_AGGRESSIVE;
				GCC_WARN_UNUSED_FUNCTION = YES;
				GCC_WARN_UNUSED_VARIABLE = YES;
				IPHONEOS_DEPLOYMENT_TARGET = 11.1;
				MTL_ENABLE_DEBUG_INFO = YES;
				ONLY_ACTIVE_ARCH = YES;
				SDKROOT = iphoneos;
			};
			name = Debug;
		};
		8A6AF8D81FF238A800D4B575 /* Release */ = {
			isa = XCBuildConfiguration;
			buildSettings = {
				ALWAYS_SEARCH_USER_PATHS = NO;
				CLANG_ANALYZER_NONNULL = YES;
				CLANG_ANALYZER_NUMBER_OBJECT_CONVERSION = YES_AGGRESSIVE;
				CLANG_CXX_LANGUAGE_STANDARD = "gnu++14";
				CLANG_CXX_LIBRARY = "libc++";
				CLANG_ENABLE_MODULES = YES;
				CLANG_ENABLE_OBJC_ARC = YES;
				CLANG_WARN_BLOCK_CAPTURE_AUTORELEASING = YES;
				CLANG_WARN_BOOL_CONVERSION = YES;
				CLANG_WARN_COMMA = YES;
				CLANG_WARN_CONSTANT_CONVERSION = YES;
				CLANG_WARN_DIRECT_OBJC_ISA_USAGE = YES_ERROR;
				CLANG_WARN_DOCUMENTATION_COMMENTS = YES;
				CLANG_WARN_EMPTY_BODY = YES;
				CLANG_WARN_ENUM_CONVERSION = YES;
				CLANG_WARN_INFINITE_RECURSION = YES;
				CLANG_WARN_INT_CONVERSION = YES;
				CLANG_WARN_NON_LITERAL_NULL_CONVERSION = YES;
				CLANG_WARN_OBJC_LITERAL_CONVERSION = YES;
				CLANG_WARN_OBJC_ROOT_CLASS = YES_ERROR;
				CLANG_WARN_RANGE_LOOP_ANALYSIS = YES;
				CLANG_WARN_STRICT_PROTOTYPES = YES;
				CLANG_WARN_SUSPICIOUS_MOVE = YES;
				CLANG_WARN_UNGUARDED_AVAILABILITY = YES_AGGRESSIVE;
				CLANG_WARN_UNREACHABLE_CODE = YES;
				CLANG_WARN__DUPLICATE_METHOD_MATCH = YES;
				CODE_SIGN_IDENTITY = "iPhone Developer";
				COPY_PHASE_STRIP = NO;
				DEBUG_INFORMATION_FORMAT = "dwarf-with-dsym";
				ENABLE_NS_ASSERTIONS = NO;
				ENABLE_STRICT_OBJC_MSGSEND = YES;
				GCC_C_LANGUAGE_STANDARD = gnu11;
				GCC_NO_COMMON_BLOCKS = YES;
				GCC_WARN_64_TO_32_BIT_CONVERSION = YES;
				GCC_WARN_ABOUT_RETURN_TYPE = YES_ERROR;
				GCC_WARN_UNDECLARED_SELECTOR = YES;
				GCC_WARN_UNINITIALIZED_AUTOS = YES_AGGRESSIVE;
				GCC_WARN_UNUSED_FUNCTION = YES;
				GCC_WARN_UNUSED_VARIABLE = YES;
				IPHONEOS_DEPLOYMENT_TARGET = 11.1;
				MTL_ENABLE_DEBUG_INFO = NO;
				SDKROOT = iphoneos;
				VALIDATE_PRODUCT = YES;
			};
			name = Release;
		};
		8A6AF8DA1FF238A800D4B575 /* Debug */ = {
			isa = XCBuildConfiguration;
			buildSettings = {
				ASSETCATALOG_COMPILER_APPICON_NAME = AppIcon;
				CODE_SIGN_STYLE = Manual;
				DEVELOPMENT_TEAM = FJV2B9GPDW;
				INFOPLIST_FILE = QYAudioTool/Info.plist;
				IPHONEOS_DEPLOYMENT_TARGET = 9.2;
				LD_RUNPATH_SEARCH_PATHS = "$(inherited) @executable_path/Frameworks";
				LIBRARY_SEARCH_PATHS = (
					"$(inherited)",
					"$(PROJECT_DIR)/QYAudioTool/class/QYTransCoding/lame/lib",
				);
				PRODUCT_BUNDLE_IDENTIFIER = com.yoyoshijie.philm;
				PRODUCT_NAME = "$(TARGET_NAME)";
				PROVISIONING_PROFILE = "3aeacfd8-cfac-4028-a7e1-75912749ac2d";
				PROVISIONING_PROFILE_SPECIFIER = com.yoyoshijie.philm.beta;
				TARGETED_DEVICE_FAMILY = "1,2";
			};
			name = Debug;
		};
		8A6AF8DB1FF238A800D4B575 /* Release */ = {
			isa = XCBuildConfiguration;
			buildSettings = {
				ASSETCATALOG_COMPILER_APPICON_NAME = AppIcon;
				CODE_SIGN_STYLE = Manual;
				DEVELOPMENT_TEAM = FJV2B9GPDW;
				INFOPLIST_FILE = QYAudioTool/Info.plist;
				IPHONEOS_DEPLOYMENT_TARGET = 9.2;
				LD_RUNPATH_SEARCH_PATHS = "$(inherited) @executable_path/Frameworks";
				LIBRARY_SEARCH_PATHS = (
					"$(inherited)",
					"$(PROJECT_DIR)/QYAudioTool/class/QYTransCoding/lame/lib",
				);
				PRODUCT_BUNDLE_IDENTIFIER = com.yoyoshijie.philm;
				PRODUCT_NAME = "$(TARGET_NAME)";
				PROVISIONING_PROFILE = "3aeacfd8-cfac-4028-a7e1-75912749ac2d";
				PROVISIONING_PROFILE_SPECIFIER = com.yoyoshijie.philm.beta;
				TARGETED_DEVICE_FAMILY = "1,2";
			};
			name = Release;
		};
/* End XCBuildConfiguration section */

/* Begin XCConfigurationList section */
		8A6AF8BE1FF238A800D4B575 /* Build configuration list for PBXProject "QYAudioTool" */ = {
			isa = XCConfigurationList;
			buildConfigurations = (
				8A6AF8D71FF238A800D4B575 /* Debug */,
				8A6AF8D81FF238A800D4B575 /* Release */,
			);
			defaultConfigurationIsVisible = 0;
			defaultConfigurationName = Release;
		};
		8A6AF8D91FF238A800D4B575 /* Build configuration list for PBXNativeTarget "QYAudioTool" */ = {
			isa = XCConfigurationList;
			buildConfigurations = (
				8A6AF8DA1FF238A800D4B575 /* Debug */,
				8A6AF8DB1FF238A800D4B575 /* Release */,
			);
			defaultConfigurationIsVisible = 0;
			defaultConfigurationName = Release;
		};
/* End XCConfigurationList section */
	};
	rootObject = 8A6AF8BB1FF238A800D4B575 /* Project object */;
}
